
Microsoft Visual Studio Solution File, Format Version 12.00
# Visual Studio 15
VisualStudioVersion = 15.0.27004.2008
MinimumVisualStudioVersion = 10.0.40219.1
Project("{FAE04EC0-301F-11D3-BF4B-00C04F79EFBC}") = "Exercise2", "OOPExercises\Exercise2.csproj", "{70B85375-CF63-4EEA-9948-973D7E81602A}"
EndProject
Project("{FAE04EC0-301F-11D3-BF4B-00C04F79EFBC}") = "OOPExercise3", "OOPExercise3\OOPExercise3.csproj", "{822EE3DD-72D4-4C6B-98E4-6993F24B75D2}"
EndProject
Project("{FAE04EC0-301F-11D3-BF4B-00C04F79EFBC}") = "OOPExercise4", "OOPExercise4\OOPExercise4.csproj", "{BB8ACAD9-A6BE-4E3A-9217-A013FCBF2F4F}"
EndProject
Project("{FAE04EC0-301F-11D3-BF4B-00C04F79EFBC}") = "OOPExercise5", "OOPExercise5\OOPExercise5.csproj", "{68CE4B26-1358-4B14-8722-1B7232211A0D}"
EndProject
Project("{FAE04EC0-301F-11D3-BF4B-00C04F79EFBC}") = "OOPExercise6", "OOPExercise6\OOPExercise6.csproj", "{5CAE5B67-0094-4EFE-BE86-5D4D5792277C}"
EndProject
Global
	GlobalSection(SolutionConfigurationPlatforms) = preSolution
		Debug|Any CPU = Debug|Any CPU
		Release|Any CPU = Release|Any CPU
	EndGlobalSection
	GlobalSection(ProjectConfigurationPlatforms) = postSolution
		{70B85375-CF63-4EEA-9948-973D7E81602A}.Debug|Any CPU.ActiveCfg = Debug|Any CPU
		{70B85375-CF63-4EEA-9948-973D7E81602A}.Debug|Any CPU.Build.0 = Debug|Any CPU
		{70B85375-CF63-4EEA-9948-973D7E81602A}.Release|Any CPU.ActiveCfg = Release|Any CPU
		{70B85375-CF63-4EEA-9948-973D7E81602A}.Release|Any CPU.Build.0 = Release|Any CPU
		{822EE3DD-72D4-4C6B-98E4-6993F24B75D2}.Debug|Any CPU.ActiveCfg = Debug|Any CPU
		{822EE3DD-72D4-4C6B-98E4-6993F24B75D2}.Debug|Any CPU.Build.0 = Debug|Any CPU
		{822EE3DD-72D4-4C6B-98E4-6993F24B75D2}.Release|Any CPU.ActiveCfg = Release|Any CPU
		{822EE3DD-72D4-4C6B-98E4-6993F24B75D2}.Release|Any CPU.Build.0 = Release|Any CPU
		{BB8ACAD9-A6BE-4E3A-9217-A013FCBF2F4F}.Debug|Any CPU.ActiveCfg = Debug|Any CPU
		{BB8ACAD9-A6BE-4E3A-9217-A013FCBF2F4F}.Debug|Any CPU.Build.0 = Debug|Any CPU
		{BB8ACAD9-A6BE-4E3A-9217-A013FCBF2F4F}.Release|Any CPU.ActiveCfg = Release|Any CPU
		{BB8ACAD9-A6BE-4E3A-9217-A013FCBF2F4F}.Release|Any CPU.Build.0 = Release|Any CPU
		{68CE4B26-1358-4B14-8722-1B7232211A0D}.Debug|Any CPU.ActiveCfg = Debug|Any CPU
		{68CE4B26-1358-4B14-8722-1B7232211A0D}.Debug|Any CPU.Build.0 = Debug|Any CPU
		{68CE4B26-1358-4B14-8722-1B7232211A0D}.Release|Any CPU.ActiveCfg = Release|Any CPU
		{68CE4B26-1358-4B14-8722-1B7232211A0D}.Release|Any CPU.Build.0 = Release|Any CPU
		{5CAE5B67-0094-4EFE-BE86-5D4D5792277C}.Debug|Any CPU.ActiveCfg = Debug|Any CPU
		{5CAE5B67-0094-4EFE-BE86-5D4D5792277C}.Debug|Any CPU.Build.0 = Debug|Any CPU
		{5CAE5B67-0094-4EFE-BE86-5D4D5792277C}.Release|Any CPU.ActiveCfg = Release|Any CPU
		{5CAE5B67-0094-4EFE-BE86-5D4D5792277C}.Release|Any CPU.Build.0 = Release|Any CPU
	EndGlobalSection
	GlobalSection(SolutionProperties) = preSolution
		HideSolutionNode = FALSE
	EndGlobalSection
	GlobalSection(ExtensibilityGlobals) = postSolution
		SolutionGuid = {DE6C7E85-C471-4B80-93A9-63E0B7B8387E}
	EndGlobalSection
EndGlobal
